
Microsoft Visual Studio Solution File, Format Version 12.00
# Visual Studio 15
VisualStudioVersion = 15.0.28307.271
MinimumVisualStudioVersion = 10.0.40219.1
Project("{FAE04EC0-301F-11D3-BF4B-00C04F79EFBC}") = "ImmunityFormApp1", "ImmunityFormApp1\ImmunityFormApp1.csproj", "{7ADED899-079B-4AAE-B0A0-D1A24F3EF463}"
EndProject
Global
	GlobalSection(SolutionConfigurationPlatforms) = preSolution
		Debug|Any CPU = Debug|Any CPU
		Release|Any CPU = Release|Any CPU
	EndGlobalSection
	GlobalSection(ProjectConfigurationPlatforms) = postSolution
		{7ADED899-079B-4AAE-B0A0-D1A24F3EF463}.Debug|Any CPU.ActiveCfg = Debug|Any CPU
		{7ADED899-079B-4AAE-B0A0-D1A24F3EF463}.Debug|Any CPU.Build.0 = Debug|Any CPU
		{7ADED899-079B-4AAE-B0A0-D1A24F3EF463}.Release|Any CPU.ActiveCfg = Release|Any CPU
		{7ADED899-079B-4AAE-B0A0-D1A24F3EF463}.Release|Any CPU.Build.0 = Release|Any CPU
	EndGlobalSection
	GlobalSection(SolutionProperties) = preSolution
		HideSolutionNode = FALSE
	EndGlobalSection
	GlobalSection(ExtensibilityGlobals) = postSolution
		SolutionGuid = {846C0974-F6F6-493C-940E-8FB5DAB63261}
	EndGlobalSection
EndGlobal
